
Microsoft Visual Studio Solution File, Format Version 12.00
# Visual Studio Version 17
VisualStudioVersion = 17.4.33213.308
MinimumVisualStudioVersion = 10.0.40219.1
Project("{FAE04EC0-301F-11D3-BF4B-00C04F79EFBC}") = "Deliverable_Arrays", "Deliverable_Arrays.csproj", "{5E081720-36B8-4E6E-A73F-8732597C52D1}"
EndProject
Global
	GlobalSection(SolutionConfigurationPlatforms) = preSolution
		Debug|Any CPU = Debug|Any CPU
		Release|Any CPU = Release|Any CPU
	EndGlobalSection
	GlobalSection(ProjectConfigurationPlatforms) = postSolution
		{5E081720-36B8-4E6E-A73F-8732597C52D1}.Debug|Any CPU.ActiveCfg = Debug|Any CPU
		{5E081720-36B8-4E6E-A73F-8732597C52D1}.Debug|Any CPU.Build.0 = Debug|Any CPU
		{5E081720-36B8-4E6E-A73F-8732597C52D1}.Release|Any CPU.ActiveCfg = Release|Any CPU
		{5E081720-36B8-4E6E-A73F-8732597C52D1}.Release|Any CPU.Build.0 = Release|Any CPU
	EndGlobalSection
	GlobalSection(SolutionProperties) = preSolution
		HideSolutionNode = FALSE
	EndGlobalSection
	GlobalSection(ExtensibilityGlobals) = postSolution
		SolutionGuid = {4E600825-7CDC-41F4-AF66-E4F9246D53B8}
	EndGlobalSection
EndGlobal
